// !$*UTF8*$!
{
	archiveVersion = 1;
	classes = {
	};
	objectVersion = 56;
	objects = {

/* Begin PBXBuildFile section */
		B819BBEE2C0E1E2C00B24644 /* SwipeableTaskCardView.swift in Sources */ = {isa = PBXBuildFile; fileRef = B819BBED2C0E1E2C00B24644 /* SwipeableTaskCardView.swift */; };
		B819BBF12C0E3F3500B24644 /* LottieView.swift in Sources */ = {isa = PBXBuildFile; fileRef = B819BBF02C0E3F3400B24644 /* LottieView.swift */; };
		B819BBF62C0E407E00B24644 /* Lottie in Frameworks */ = {isa = PBXBuildFile; productRef = B819BBF52C0E407E00B24644 /* Lottie */; };
		B819BBFA2C0E437900B24644 /* finish.json in Resources */ = {isa = PBXBuildFile; fileRef = B819BBF92C0E437800B24644 /* finish.json */; };
		B82DB3112BBDE7B900E2D910 /* LumenSeedApp.swift in Sources */ = {isa = PBXBuildFile; fileRef = B82DB3102BBDE7B900E2D910 /* LumenSeedApp.swift */; };
		B82DB3132BBDE7B900E2D910 /* ContentView.swift in Sources */ = {isa = PBXBuildFile; fileRef = B82DB3122BBDE7B900E2D910 /* ContentView.swift */; };
		B82DB3152BBDE7B900E2D910 /* Item.swift in Sources */ = {isa = PBXBuildFile; fileRef = B82DB3142BBDE7B900E2D910 /* Item.swift */; };
		B82DB3172BBDE7BB00E2D910 /* Assets.xcassets in Resources */ = {isa = PBXBuildFile; fileRef = B82DB3162BBDE7BB00E2D910 /* Assets.xcassets */; };
		B82DB31A2BBDE7BB00E2D910 /* Preview Assets.xcassets in Resources */ = {isa = PBXBuildFile; fileRef = B82DB3192BBDE7BB00E2D910 /* Preview Assets.xcassets */; };
		B82DB3242BBDE7BB00E2D910 /* LumenSeedTests.swift in Sources */ = {isa = PBXBuildFile; fileRef = B82DB3232BBDE7BB00E2D910 /* LumenSeedTests.swift */; };
		B82DB32E2BBDE7BB00E2D910 /* LumenSeedUITests.swift in Sources */ = {isa = PBXBuildFile; fileRef = B82DB32D2BBDE7BB00E2D910 /* LumenSeedUITests.swift */; };
		B82DB3302BBDE7BB00E2D910 /* LumenSeedUITestsLaunchTests.swift in Sources */ = {isa = PBXBuildFile; fileRef = B82DB32F2BBDE7BB00E2D910 /* LumenSeedUITestsLaunchTests.swift */; };
		B82DB33D2BBDE82200E2D910 /* LaunchScreenView.swift in Sources */ = {isa = PBXBuildFile; fileRef = B82DB33C2BBDE82200E2D910 /* LaunchScreenView.swift */; };
		B82DB33F2BBDEA3300E2D910 /* TabBarView.swift in Sources */ = {isa = PBXBuildFile; fileRef = B82DB33E2BBDEA3300E2D910 /* TabBarView.swift */; };
		B82DB3412BBDED2D00E2D910 /* TimerView.swift in Sources */ = {isa = PBXBuildFile; fileRef = B82DB3402BBDED2D00E2D910 /* TimerView.swift */; };
		B82DB3432BBDF06300E2D910 /* TabBar+Ext.swift in Sources */ = {isa = PBXBuildFile; fileRef = B82DB3422BBDF06300E2D910 /* TabBar+Ext.swift */; };
		B82DB3452BBDF06C00E2D910 /* Image+Ext.swift in Sources */ = {isa = PBXBuildFile; fileRef = B82DB3442BBDF06C00E2D910 /* Image+Ext.swift */; };
		B82DB3472BBDF49300E2D910 /* AppColors.swift in Sources */ = {isa = PBXBuildFile; fileRef = B82DB3462BBDF49300E2D910 /* AppColors.swift */; };
		B82DB34D2BBDF79100E2D910 /* TimeLineView.swift in Sources */ = {isa = PBXBuildFile; fileRef = B82DB34C2BBDF79100E2D910 /* TimeLineView.swift */; };
		B82DB3502BBE8B0F00E2D910 /* ProgressCircleView.swift in Sources */ = {isa = PBXBuildFile; fileRef = B82DB34F2BBE8B0E00E2D910 /* ProgressCircleView.swift */; };
		B87FE69C2BCC380400EC1E85 /* FocusView.swift in Sources */ = {isa = PBXBuildFile; fileRef = B87FE69B2BCC380300EC1E85 /* FocusView.swift */; };
		B87FE69E2BCC39AF00EC1E85 /* AddTaskSheetView.swift in Sources */ = {isa = PBXBuildFile; fileRef = B87FE69D2BCC39AF00EC1E85 /* AddTaskSheetView.swift */; };
		B87FE6A02BCC67B800EC1E85 /* Task.swift in Sources */ = {isa = PBXBuildFile; fileRef = B87FE69F2BCC67B800EC1E85 /* Task.swift */; };
		B87FE6A22BCC723100EC1E85 /* TaskCardView.swift in Sources */ = {isa = PBXBuildFile; fileRef = B87FE6A12BCC723100EC1E85 /* TaskCardView.swift */; };
		B87FE6A42BCD283400EC1E85 /* SettingsView.swift in Sources */ = {isa = PBXBuildFile; fileRef = B87FE6A32BCD283400EC1E85 /* SettingsView.swift */; };
		B87FE6A62BCE693100EC1E85 /* bell.wav in Resources */ = {isa = PBXBuildFile; fileRef = B87FE6A52BCE693100EC1E85 /* bell.wav */; };
		B87FE6B52BCE890F00EC1E85 /* Tag.swift in Sources */ = {isa = PBXBuildFile; fileRef = B87FE6B42BCE890F00EC1E85 /* Tag.swift */; };
		B87FE6B72BCE892000EC1E85 /* TagSelectionView.swift in Sources */ = {isa = PBXBuildFile; fileRef = B87FE6B62BCE892000EC1E85 /* TagSelectionView.swift */; };
		B87FE6B92BCE893100EC1E85 /* TagCreationView.swift in Sources */ = {isa = PBXBuildFile; fileRef = B87FE6B82BCE893100EC1E85 /* TagCreationView.swift */; };
		B87FE7012BD0445700EC1E85 /* TagView.swift in Sources */ = {isa = PBXBuildFile; fileRef = B87FE7002BD0445700EC1E85 /* TagView.swift */; };
		B87FE7032BD0448F00EC1E85 /* TagListView.swift in Sources */ = {isa = PBXBuildFile; fileRef = B87FE7022BD0448F00EC1E85 /* TagListView.swift */; };
		B87FE7052BD0F74B00EC1E85 /* CapsuleButtonStyle.swift in Sources */ = {isa = PBXBuildFile; fileRef = B87FE7042BD0F74B00EC1E85 /* CapsuleButtonStyle.swift */; };
		B8C329EE2BBFE18900C7CF8E /* PomodoroWarningView.swift in Sources */ = {isa = PBXBuildFile; fileRef = B8C329ED2BBFE18900C7CF8E /* PomodoroWarningView.swift */; };
		B8C329F02BBFF06C00C7CF8E /* PomodoroDamageView.swift in Sources */ = {isa = PBXBuildFile; fileRef = B8C329EF2BBFF06C00C7CF8E /* PomodoroDamageView.swift */; };
		B8C329F22BC1272900C7CF8E /* GardenView.swift in Sources */ = {isa = PBXBuildFile; fileRef = B8C329F12BC1272900C7CF8E /* GardenView.swift */; };
		B8C329F92BC44E3700C7CF8E /* ItemDetailView.swift in Sources */ = {isa = PBXBuildFile; fileRef = B8C329F82BC44E3700C7CF8E /* ItemDetailView.swift */; };
		B8C329FD2BC469F700C7CF8E /* SuccessView.swift in Sources */ = {isa = PBXBuildFile; fileRef = B8C329FC2BC469F700C7CF8E /* SuccessView.swift */; };
		B8C32A012BC53AC400C7CF8E /* ItemDetailViewModel.swift in Sources */ = {isa = PBXBuildFile; fileRef = B8C32A002BC53AC400C7CF8E /* ItemDetailViewModel.swift */; };
		B8C32A052BC5AB1E00C7CF8E /* BlacklistView.swift in Sources */ = {isa = PBXBuildFile; fileRef = B8C32A042BC5AB1E00C7CF8E /* BlacklistView.swift */; };
		B8C32A072BC5AE7900C7CF8E /* BlacklistDetailView.swift in Sources */ = {isa = PBXBuildFile; fileRef = B8C32A062BC5AE7900C7CF8E /* BlacklistDetailView.swift */; };
		B8C32A092BC82AC100C7CF8E /* CountDownTimePickerView.swift in Sources */ = {isa = PBXBuildFile; fileRef = B8C32A082BC82AC100C7CF8E /* CountDownTimePickerView.swift */; };
		B8C32A0B2BC84A2B00C7CF8E /* TimePickerView.swift in Sources */ = {isa = PBXBuildFile; fileRef = B8C32A0A2BC84A2B00C7CF8E /* TimePickerView.swift */; };
		B8C32A0D2BC863EB00C7CF8E /* UsageView.swift in Sources */ = {isa = PBXBuildFile; fileRef = B8C32A0C2BC863EB00C7CF8E /* UsageView.swift */; };
		B8C32A0F2BC8659800C7CF8E /* AppUsageRow.swift in Sources */ = {isa = PBXBuildFile; fileRef = B8C32A0E2BC8659800C7CF8E /* AppUsageRow.swift */; };
		B8C32A132BC9A8F100C7CF8E /* CGFloat+Ext.swift in Sources */ = {isa = PBXBuildFile; fileRef = B8C32A122BC9A8F100C7CF8E /* CGFloat+Ext.swift */; };
		B8C32A152BCA5BCF00C7CF8E /* AppDelegate.swift in Sources */ = {isa = PBXBuildFile; fileRef = B8C32A142BCA5BCE00C7CF8E /* AppDelegate.swift */; };
		B8C32A172BCA6E4900C7CF8E /* PrimaryButtonStyle.swift in Sources */ = {isa = PBXBuildFile; fileRef = B8C32A162BCA6E4900C7CF8E /* PrimaryButtonStyle.swift */; };
		B8C32A192BCA6E6600C7CF8E /* PointsView.swift in Sources */ = {isa = PBXBuildFile; fileRef = B8C32A182BCA6E6600C7CF8E /* PointsView.swift */; };
/* End PBXBuildFile section */

/* Begin PBXContainerItemProxy section */
		B82DB3202BBDE7BB00E2D910 /* PBXContainerItemProxy */ = {
			isa = PBXContainerItemProxy;
			containerPortal = B82DB3052BBDE7B900E2D910 /* Project object */;
			proxyType = 1;
			remoteGlobalIDString = B82DB30C2BBDE7B900E2D910;
			remoteInfo = LumenSeed;
		};
		B82DB32A2BBDE7BB00E2D910 /* PBXContainerItemProxy */ = {
			isa = PBXContainerItemProxy;
			containerPortal = B82DB3052BBDE7B900E2D910 /* Project object */;
			proxyType = 1;
			remoteGlobalIDString = B82DB30C2BBDE7B900E2D910;
			remoteInfo = LumenSeed;
		};
/* End PBXContainerItemProxy section */

/* Begin PBXFileReference section */
		B819BBED2C0E1E2C00B24644 /* SwipeableTaskCardView.swift */ = {isa = PBXFileReference; lastKnownFileType = sourcecode.swift; path = SwipeableTaskCardView.swift; sourceTree = "<group>"; };
		B819BBF02C0E3F3400B24644 /* LottieView.swift */ = {isa = PBXFileReference; lastKnownFileType = sourcecode.swift; path = LottieView.swift; sourceTree = "<group>"; };
		B819BBF92C0E437800B24644 /* finish.json */ = {isa = PBXFileReference; fileEncoding = 4; lastKnownFileType = text.json; path = finish.json; sourceTree = "<group>"; };
		B82DB30D2BBDE7B900E2D910 /* LumenSeed.app */ = {isa = PBXFileReference; explicitFileType = wrapper.application; includeInIndex = 0; path = LumenSeed.app; sourceTree = BUILT_PRODUCTS_DIR; };
		B82DB3102BBDE7B900E2D910 /* LumenSeedApp.swift */ = {isa = PBXFileReference; lastKnownFileType = sourcecode.swift; path = LumenSeedApp.swift; sourceTree = "<group>"; };
		B82DB3122BBDE7B900E2D910 /* ContentView.swift */ = {isa = PBXFileReference; lastKnownFileType = sourcecode.swift; path = ContentView.swift; sourceTree = "<group>"; };
		B82DB3142BBDE7B900E2D910 /* Item.swift */ = {isa = PBXFileReference; lastKnownFileType = sourcecode.swift; path = Item.swift; sourceTree = "<group>"; };
		B82DB3162BBDE7BB00E2D910 /* Assets.xcassets */ = {isa = PBXFileReference; lastKnownFileType = folder.assetcatalog; path = Assets.xcassets; sourceTree = "<group>"; };
		B82DB3192BBDE7BB00E2D910 /* Preview Assets.xcassets */ = {isa = PBXFileReference; lastKnownFileType = folder.assetcatalog; path = "Preview Assets.xcassets"; sourceTree = "<group>"; };
		B82DB31F2BBDE7BB00E2D910 /* LumenSeedTests.xctest */ = {isa = PBXFileReference; explicitFileType = wrapper.cfbundle; includeInIndex = 0; path = LumenSeedTests.xctest; sourceTree = BUILT_PRODUCTS_DIR; };
		B82DB3232BBDE7BB00E2D910 /* LumenSeedTests.swift */ = {isa = PBXFileReference; lastKnownFileType = sourcecode.swift; path = LumenSeedTests.swift; sourceTree = "<group>"; };
		B82DB3292BBDE7BB00E2D910 /* LumenSeedUITests.xctest */ = {isa = PBXFileReference; explicitFileType = wrapper.cfbundle; includeInIndex = 0; path = LumenSeedUITests.xctest; sourceTree = BUILT_PRODUCTS_DIR; };
		B82DB32D2BBDE7BB00E2D910 /* LumenSeedUITests.swift */ = {isa = PBXFileReference; lastKnownFileType = sourcecode.swift; path = LumenSeedUITests.swift; sourceTree = "<group>"; };
		B82DB32F2BBDE7BB00E2D910 /* LumenSeedUITestsLaunchTests.swift */ = {isa = PBXFileReference; lastKnownFileType = sourcecode.swift; path = LumenSeedUITestsLaunchTests.swift; sourceTree = "<group>"; };
		B82DB33C2BBDE82200E2D910 /* LaunchScreenView.swift */ = {isa = PBXFileReference; lastKnownFileType = sourcecode.swift; path = LaunchScreenView.swift; sourceTree = "<group>"; };
		B82DB33E2BBDEA3300E2D910 /* TabBarView.swift */ = {isa = PBXFileReference; lastKnownFileType = sourcecode.swift; path = TabBarView.swift; sourceTree = "<group>"; };
		B82DB3402BBDED2D00E2D910 /* TimerView.swift */ = {isa = PBXFileReference; lastKnownFileType = sourcecode.swift; path = TimerView.swift; sourceTree = "<group>"; };
		B82DB3422BBDF06300E2D910 /* TabBar+Ext.swift */ = {isa = PBXFileReference; lastKnownFileType = sourcecode.swift; path = "TabBar+Ext.swift"; sourceTree = "<group>"; };
		B82DB3442BBDF06C00E2D910 /* Image+Ext.swift */ = {isa = PBXFileReference; lastKnownFileType = sourcecode.swift; path = "Image+Ext.swift"; sourceTree = "<group>"; };
		B82DB3462BBDF49300E2D910 /* AppColors.swift */ = {isa = PBXFileReference; lastKnownFileType = sourcecode.swift; path = AppColors.swift; sourceTree = "<group>"; };
		B82DB34C2BBDF79100E2D910 /* TimeLineView.swift */ = {isa = PBXFileReference; lastKnownFileType = sourcecode.swift; path = TimeLineView.swift; sourceTree = "<group>"; };
		B82DB34F2BBE8B0E00E2D910 /* ProgressCircleView.swift */ = {isa = PBXFileReference; lastKnownFileType = sourcecode.swift; path = ProgressCircleView.swift; sourceTree = "<group>"; };
		B87FE69B2BCC380300EC1E85 /* FocusView.swift */ = {isa = PBXFileReference; lastKnownFileType = sourcecode.swift; path = FocusView.swift; sourceTree = "<group>"; };
		B87FE69D2BCC39AF00EC1E85 /* AddTaskSheetView.swift */ = {isa = PBXFileReference; lastKnownFileType = sourcecode.swift; path = AddTaskSheetView.swift; sourceTree = "<group>"; };
		B87FE69F2BCC67B800EC1E85 /* Task.swift */ = {isa = PBXFileReference; lastKnownFileType = sourcecode.swift; path = Task.swift; sourceTree = "<group>"; };
		B87FE6A12BCC723100EC1E85 /* TaskCardView.swift */ = {isa = PBXFileReference; lastKnownFileType = sourcecode.swift; path = TaskCardView.swift; sourceTree = "<group>"; };
		B87FE6A32BCD283400EC1E85 /* SettingsView.swift */ = {isa = PBXFileReference; lastKnownFileType = sourcecode.swift; path = SettingsView.swift; sourceTree = "<group>"; };
		B87FE6A52BCE693100EC1E85 /* bell.wav */ = {isa = PBXFileReference; lastKnownFileType = audio.wav; path = bell.wav; sourceTree = "<group>"; };
		B87FE6A72BCE6BC500EC1E85 /* Info.plist */ = {isa = PBXFileReference; lastKnownFileType = text.plist.xml; path = Info.plist; sourceTree = "<group>"; };
		B87FE6B42BCE890F00EC1E85 /* Tag.swift */ = {isa = PBXFileReference; lastKnownFileType = sourcecode.swift; path = Tag.swift; sourceTree = "<group>"; };
		B87FE6B62BCE892000EC1E85 /* TagSelectionView.swift */ = {isa = PBXFileReference; lastKnownFileType = sourcecode.swift; path = TagSelectionView.swift; sourceTree = "<group>"; };
		B87FE6B82BCE893100EC1E85 /* TagCreationView.swift */ = {isa = PBXFileReference; lastKnownFileType = sourcecode.swift; path = TagCreationView.swift; sourceTree = "<group>"; };
		B87FE7002BD0445700EC1E85 /* TagView.swift */ = {isa = PBXFileReference; lastKnownFileType = sourcecode.swift; path = TagView.swift; sourceTree = "<group>"; };
		B87FE7022BD0448F00EC1E85 /* TagListView.swift */ = {isa = PBXFileReference; lastKnownFileType = sourcecode.swift; path = TagListView.swift; sourceTree = "<group>"; };
		B87FE7042BD0F74B00EC1E85 /* CapsuleButtonStyle.swift */ = {isa = PBXFileReference; lastKnownFileType = sourcecode.swift; path = CapsuleButtonStyle.swift; sourceTree = "<group>"; };
		B8C329ED2BBFE18900C7CF8E /* PomodoroWarningView.swift */ = {isa = PBXFileReference; lastKnownFileType = sourcecode.swift; path = PomodoroWarningView.swift; sourceTree = "<group>"; };
		B8C329EF2BBFF06C00C7CF8E /* PomodoroDamageView.swift */ = {isa = PBXFileReference; lastKnownFileType = sourcecode.swift; path = PomodoroDamageView.swift; sourceTree = "<group>"; };
		B8C329F12BC1272900C7CF8E /* GardenView.swift */ = {isa = PBXFileReference; lastKnownFileType = sourcecode.swift; path = GardenView.swift; sourceTree = "<group>"; };
		B8C329F82BC44E3700C7CF8E /* ItemDetailView.swift */ = {isa = PBXFileReference; lastKnownFileType = sourcecode.swift; path = ItemDetailView.swift; sourceTree = "<group>"; };
		B8C329FC2BC469F700C7CF8E /* SuccessView.swift */ = {isa = PBXFileReference; lastKnownFileType = sourcecode.swift; path = SuccessView.swift; sourceTree = "<group>"; };
		B8C32A002BC53AC400C7CF8E /* ItemDetailViewModel.swift */ = {isa = PBXFileReference; lastKnownFileType = sourcecode.swift; path = ItemDetailViewModel.swift; sourceTree = "<group>"; };
		B8C32A042BC5AB1E00C7CF8E /* BlacklistView.swift */ = {isa = PBXFileReference; lastKnownFileType = sourcecode.swift; path = BlacklistView.swift; sourceTree = "<group>"; };
		B8C32A062BC5AE7900C7CF8E /* BlacklistDetailView.swift */ = {isa = PBXFileReference; lastKnownFileType = sourcecode.swift; path = BlacklistDetailView.swift; sourceTree = "<group>"; };
		B8C32A082BC82AC100C7CF8E /* CountDownTimePickerView.swift */ = {isa = PBXFileReference; lastKnownFileType = sourcecode.swift; path = CountDownTimePickerView.swift; sourceTree = "<group>"; };
		B8C32A0A2BC84A2B00C7CF8E /* TimePickerView.swift */ = {isa = PBXFileReference; lastKnownFileType = sourcecode.swift; path = TimePickerView.swift; sourceTree = "<group>"; };
		B8C32A0C2BC863EB00C7CF8E /* UsageView.swift */ = {isa = PBXFileReference; lastKnownFileType = sourcecode.swift; path = UsageView.swift; sourceTree = "<group>"; };
		B8C32A0E2BC8659800C7CF8E /* AppUsageRow.swift */ = {isa = PBXFileReference; lastKnownFileType = sourcecode.swift; path = AppUsageRow.swift; sourceTree = "<group>"; };
		B8C32A122BC9A8F100C7CF8E /* CGFloat+Ext.swift */ = {isa = PBXFileReference; lastKnownFileType = sourcecode.swift; path = "CGFloat+Ext.swift"; sourceTree = "<group>"; };
		B8C32A142BCA5BCE00C7CF8E /* AppDelegate.swift */ = {isa = PBXFileReference; lastKnownFileType = sourcecode.swift; path = AppDelegate.swift; sourceTree = "<group>"; };
		B8C32A162BCA6E4900C7CF8E /* PrimaryButtonStyle.swift */ = {isa = PBXFileReference; lastKnownFileType = sourcecode.swift; path = PrimaryButtonStyle.swift; sourceTree = "<group>"; };
		B8C32A182BCA6E6600C7CF8E /* PointsView.swift */ = {isa = PBXFileReference; lastKnownFileType = sourcecode.swift; path = PointsView.swift; sourceTree = "<group>"; };
/* End PBXFileReference section */

/* Begin PBXFrameworksBuildPhase section */
		B82DB30A2BBDE7B900E2D910 /* Frameworks */ = {
			isa = PBXFrameworksBuildPhase;
			buildActionMask = 2147483647;
			files = (
				B819BBF62C0E407E00B24644 /* Lottie in Frameworks */,
			);
			runOnlyForDeploymentPostprocessing = 0;
		};
		B82DB31C2BBDE7BB00E2D910 /* Frameworks */ = {
			isa = PBXFrameworksBuildPhase;
			buildActionMask = 2147483647;
			files = (
			);
			runOnlyForDeploymentPostprocessing = 0;
		};
		B82DB3262BBDE7BB00E2D910 /* Frameworks */ = {
			isa = PBXFrameworksBuildPhase;
			buildActionMask = 2147483647;
			files = (
			);
			runOnlyForDeploymentPostprocessing = 0;
		};
/* End PBXFrameworksBuildPhase section */

/* Begin PBXGroup section */
		B819BBF42C0E407E00B24644 /* Frameworks */ = {
			isa = PBXGroup;
			children = (
			);
			name = Frameworks;
			sourceTree = "<group>";
		};
		B82DB3042BBDE7B900E2D910 = {
			isa = PBXGroup;
			children = (
				B8C32A0E2BC8659800C7CF8E /* AppUsageRow.swift */,
				B82DB30F2BBDE7B900E2D910 /* LumenSeed */,
				B82DB3222BBDE7BB00E2D910 /* LumenSeedTests */,
				B82DB32C2BBDE7BB00E2D910 /* LumenSeedUITests */,
				B82DB30E2BBDE7B900E2D910 /* Products */,
				B819BBF42C0E407E00B24644 /* Frameworks */,
			);
			sourceTree = "<group>";
		};
		B82DB30E2BBDE7B900E2D910 /* Products */ = {
			isa = PBXGroup;
			children = (
				B82DB30D2BBDE7B900E2D910 /* LumenSeed.app */,
				B82DB31F2BBDE7BB00E2D910 /* LumenSeedTests.xctest */,
				B82DB3292BBDE7BB00E2D910 /* LumenSeedUITests.xctest */,
			);
			name = Products;
			sourceTree = "<group>";
		};
		B82DB30F2BBDE7B900E2D910 /* LumenSeed */ = {
			isa = PBXGroup;
			children = (
				B82DB33E2BBDEA3300E2D910 /* TabBarView.swift */,
				B82DB33C2BBDE82200E2D910 /* LaunchScreenView.swift */,
				B87FE6A72BCE6BC500EC1E85 /* Info.plist */,
				B87FE6AC2BCE87E700EC1E85 /* Resource */,
				B87FE6B22BCE885200EC1E85 /* TimeLine */,
				B87FE6B12BCE884700EC1E85 /* Garden */,
				B87FE6B02BCE881000EC1E85 /* BlackList */,
				B87FE6AF2BCE880400EC1E85 /* Settings */,
				B87FE6AB2BCE879D00EC1E85 /* Extensions */,
				B87FE6AA2BCE876B00EC1E85 /* Shared */,
				B87FE6A92BCE875900EC1E85 /* Focus */,
				B87FE6A82BCE875400EC1E85 /* Task */,
				B82DB3182BBDE7BB00E2D910 /* Preview Content */,
			);
			path = LumenSeed;
			sourceTree = "<group>";
		};
		B82DB3182BBDE7BB00E2D910 /* Preview Content */ = {
			isa = PBXGroup;
			children = (
				B82DB3192BBDE7BB00E2D910 /* Preview Assets.xcassets */,
			);
			path = "Preview Content";
			sourceTree = "<group>";
		};
		B82DB3222BBDE7BB00E2D910 /* LumenSeedTests */ = {
			isa = PBXGroup;
			children = (
				B82DB3232BBDE7BB00E2D910 /* LumenSeedTests.swift */,
			);
			path = LumenSeedTests;
			sourceTree = "<group>";
		};
		B82DB32C2BBDE7BB00E2D910 /* LumenSeedUITests */ = {
			isa = PBXGroup;
			children = (
				B82DB32D2BBDE7BB00E2D910 /* LumenSeedUITests.swift */,
				B82DB32F2BBDE7BB00E2D910 /* LumenSeedUITestsLaunchTests.swift */,
			);
			path = LumenSeedUITests;
			sourceTree = "<group>";
		};
		B87FE6A82BCE875400EC1E85 /* Task */ = {
			isa = PBXGroup;
			children = (
				B87FE6B32BCE890200EC1E85 /* Tag */,
				B87FE69D2BCC39AF00EC1E85 /* AddTaskSheetView.swift */,
				B87FE69F2BCC67B800EC1E85 /* Task.swift */,
				B87FE6A12BCC723100EC1E85 /* TaskCardView.swift */,
			);
			path = Task;
			sourceTree = "<group>";
		};
		B87FE6A92BCE875900EC1E85 /* Focus */ = {
			isa = PBXGroup;
			children = (
				B87FE69B2BCC380300EC1E85 /* FocusView.swift */,
			);
			path = Focus;
			sourceTree = "<group>";
		};
		B87FE6AA2BCE876B00EC1E85 /* Shared */ = {
			isa = PBXGroup;
			children = (
				B8C32A182BCA6E6600C7CF8E /* PointsView.swift */,
				B82DB3462BBDF49300E2D910 /* AppColors.swift */,
				B82DB34F2BBE8B0E00E2D910 /* ProgressCircleView.swift */,
				B8C329FC2BC469F700C7CF8E /* SuccessView.swift */,
				B8C329ED2BBFE18900C7CF8E /* PomodoroWarningView.swift */,
				B8C329EF2BBFF06C00C7CF8E /* PomodoroDamageView.swift */,
				B8C32A0C2BC863EB00C7CF8E /* UsageView.swift */,
				B8C32A122BC9A8F100C7CF8E /* CGFloat+Ext.swift */,
				B8C32A162BCA6E4900C7CF8E /* PrimaryButtonStyle.swift */,
				B87FE7042BD0F74B00EC1E85 /* CapsuleButtonStyle.swift */,
				B819BBED2C0E1E2C00B24644 /* SwipeableTaskCardView.swift */,
				B819BBF02C0E3F3400B24644 /* LottieView.swift */,
			);
			path = Shared;
			sourceTree = "<group>";
		};
		B87FE6AB2BCE879D00EC1E85 /* Extensions */ = {
			isa = PBXGroup;
			children = (
				B82DB3422BBDF06300E2D910 /* TabBar+Ext.swift */,
				B82DB3442BBDF06C00E2D910 /* Image+Ext.swift */,
			);
			path = Extensions;
			sourceTree = "<group>";
		};
		B87FE6AC2BCE87E700EC1E85 /* Resource */ = {
			isa = PBXGroup;
			children = (
				B819BBF92C0E437800B24644 /* finish.json */,
				B82DB3142BBDE7B900E2D910 /* Item.swift */,
				B82DB3122BBDE7B900E2D910 /* ContentView.swift */,
				B87FE6A52BCE693100EC1E85 /* bell.wav */,
				B82DB3102BBDE7B900E2D910 /* LumenSeedApp.swift */,
				B8C32A142BCA5BCE00C7CF8E /* AppDelegate.swift */,
				B82DB3162BBDE7BB00E2D910 /* Assets.xcassets */,
			);
			path = Resource;
			sourceTree = "<group>";
		};
		B87FE6AF2BCE880400EC1E85 /* Settings */ = {
			isa = PBXGroup;
			children = (
				B87FE6A32BCD283400EC1E85 /* SettingsView.swift */,
			);
			path = Settings;
			sourceTree = "<group>";
		};
		B87FE6B02BCE881000EC1E85 /* BlackList */ = {
			isa = PBXGroup;
			children = (
				B8C32A082BC82AC100C7CF8E /* CountDownTimePickerView.swift */,
				B8C32A0A2BC84A2B00C7CF8E /* TimePickerView.swift */,
				B8C32A042BC5AB1E00C7CF8E /* BlacklistView.swift */,
				B8C32A062BC5AE7900C7CF8E /* BlacklistDetailView.swift */,
			);
			path = BlackList;
			sourceTree = "<group>";
		};
		B87FE6B12BCE884700EC1E85 /* Garden */ = {
			isa = PBXGroup;
			children = (
				B8C329F12BC1272900C7CF8E /* GardenView.swift */,
				B8C329F82BC44E3700C7CF8E /* ItemDetailView.swift */,
				B8C32A002BC53AC400C7CF8E /* ItemDetailViewModel.swift */,
			);
			path = Garden;
			sourceTree = "<group>";
		};
		B87FE6B22BCE885200EC1E85 /* TimeLine */ = {
			isa = PBXGroup;
			children = (
				B82DB3402BBDED2D00E2D910 /* TimerView.swift */,
				B82DB34C2BBDF79100E2D910 /* TimeLineView.swift */,
			);
			path = TimeLine;
			sourceTree = "<group>";
		};
		B87FE6B32BCE890200EC1E85 /* Tag */ = {
			isa = PBXGroup;
			children = (
				B87FE6B42BCE890F00EC1E85 /* Tag.swift */,
				B87FE6B62BCE892000EC1E85 /* TagSelectionView.swift */,
				B87FE6B82BCE893100EC1E85 /* TagCreationView.swift */,
				B87FE7002BD0445700EC1E85 /* TagView.swift */,
				B87FE7022BD0448F00EC1E85 /* TagListView.swift */,
			);
			path = Tag;
			sourceTree = "<group>";
		};
/* End PBXGroup section */

/* Begin PBXNativeTarget section */
		B82DB30C2BBDE7B900E2D910 /* LumenSeed */ = {
			isa = PBXNativeTarget;
			buildConfigurationList = B82DB3332BBDE7BB00E2D910 /* Build configuration list for PBXNativeTarget "LumenSeed" */;
			buildPhases = (
				B82DB3092BBDE7B900E2D910 /* Sources */,
				B82DB30A2BBDE7B900E2D910 /* Frameworks */,
				B82DB30B2BBDE7B900E2D910 /* Resources */,
			);
			buildRules = (
			);
			dependencies = (
				B819BBF32C0E401600B24644 /* PBXTargetDependency */,
			);
			name = LumenSeed;
			packageProductDependencies = (
				B819BBF52C0E407E00B24644 /* Lottie */,
			);
			productName = LumenSeed;
			productReference = B82DB30D2BBDE7B900E2D910 /* LumenSeed.app */;
			productType = "com.apple.product-type.application";
		};
		B82DB31E2BBDE7BB00E2D910 /* LumenSeedTests */ = {
			isa = PBXNativeTarget;
			buildConfigurationList = B82DB3362BBDE7BB00E2D910 /* Build configuration list for PBXNativeTarget "LumenSeedTests" */;
			buildPhases = (
				B82DB31B2BBDE7BB00E2D910 /* Sources */,
				B82DB31C2BBDE7BB00E2D910 /* Frameworks */,
				B82DB31D2BBDE7BB00E2D910 /* Resources */,
			);
			buildRules = (
			);
			dependencies = (
				B82DB3212BBDE7BB00E2D910 /* PBXTargetDependency */,
			);
			name = LumenSeedTests;
			productName = LumenSeedTests;
			productReference = B82DB31F2BBDE7BB00E2D910 /* LumenSeedTests.xctest */;
			productType = "com.apple.product-type.bundle.unit-test";
		};
		B82DB3282BBDE7BB00E2D910 /* LumenSeedUITests */ = {
			isa = PBXNativeTarget;
			buildConfigurationList = B82DB3392BBDE7BB00E2D910 /* Build configuration list for PBXNativeTarget "LumenSeedUITests" */;
			buildPhases = (
				B82DB3252BBDE7BB00E2D910 /* Sources */,
				B82DB3262BBDE7BB00E2D910 /* Frameworks */,
				B82DB3272BBDE7BB00E2D910 /* Resources */,
			);
			buildRules = (
			);
			dependencies = (
				B82DB32B2BBDE7BB00E2D910 /* PBXTargetDependency */,
			);
			name = LumenSeedUITests;
			productName = LumenSeedUITests;
			productReference = B82DB3292BBDE7BB00E2D910 /* LumenSeedUITests.xctest */;
			productType = "com.apple.product-type.bundle.ui-testing";
		};
/* End PBXNativeTarget section */

/* Begin PBXProject section */
		B82DB3052BBDE7B900E2D910 /* Project object */ = {
			isa = PBXProject;
			attributes = {
				BuildIndependentTargetsInParallel = 1;
				LastSwiftUpdateCheck = 1530;
				LastUpgradeCheck = 1530;
				TargetAttributes = {
					B82DB30C2BBDE7B900E2D910 = {
						CreatedOnToolsVersion = 15.3;
					};
					B82DB31E2BBDE7BB00E2D910 = {
						CreatedOnToolsVersion = 15.3;
						TestTargetID = B82DB30C2BBDE7B900E2D910;
					};
					B82DB3282BBDE7BB00E2D910 = {
						CreatedOnToolsVersion = 15.3;
						TestTargetID = B82DB30C2BBDE7B900E2D910;
					};
				};
			};
			buildConfigurationList = B82DB3082BBDE7B900E2D910 /* Build configuration list for PBXProject "LumenSeed" */;
			compatibilityVersion = "Xcode 14.0";
			developmentRegion = en;
			hasScannedForEncodings = 0;
			knownRegions = (
				en,
				Base,
			);
			mainGroup = B82DB3042BBDE7B900E2D910;
			packageReferences = (
				B819BBEF2C0E38C100B24644 /* XCRemoteSwiftPackageReference "lottie-spm" */,
			);
			productRefGroup = B82DB30E2BBDE7B900E2D910 /* Products */;
			projectDirPath = "";
			projectRoot = "";
			targets = (
				B82DB30C2BBDE7B900E2D910 /* LumenSeed */,
				B82DB31E2BBDE7BB00E2D910 /* LumenSeedTests */,
				B82DB3282BBDE7BB00E2D910 /* LumenSeedUITests */,
			);
		};
/* End PBXProject section */

/* Begin PBXResourcesBuildPhase section */
		B82DB30B2BBDE7B900E2D910 /* Resources */ = {
			isa = PBXResourcesBuildPhase;
			buildActionMask = 2147483647;
			files = (
				B87FE6A62BCE693100EC1E85 /* bell.wav in Resources */,
				B82DB31A2BBDE7BB00E2D910 /* Preview Assets.xcassets in Resources */,
				B819BBFA2C0E437900B24644 /* finish.json in Resources */,
				B82DB3172BBDE7BB00E2D910 /* Assets.xcassets in Resources */,
			);
			runOnlyForDeploymentPostprocessing = 0;
		};
		B82DB31D2BBDE7BB00E2D910 /* Resources */ = {
			isa = PBXResourcesBuildPhase;
			buildActionMask = 2147483647;
			files = (
			);
			runOnlyForDeploymentPostprocessing = 0;
		};
		B82DB3272BBDE7BB00E2D910 /* Resources */ = {
			isa = PBXResourcesBuildPhase;
			buildActionMask = 2147483647;
			files = (
			);
			runOnlyForDeploymentPostprocessing = 0;
		};
/* End PBXResourcesBuildPhase section */

/* Begin PBXSourcesBuildPhase section */
		B82DB3092BBDE7B900E2D910 /* Sources */ = {
			isa = PBXSourcesBuildPhase;
			buildActionMask = 2147483647;
			files = (
				B8C329FD2BC469F700C7CF8E /* SuccessView.swift in Sources */,
				B8C329F92BC44E3700C7CF8E /* ItemDetailView.swift in Sources */,
				B8C32A0F2BC8659800C7CF8E /* AppUsageRow.swift in Sources */,
				B8C32A052BC5AB1E00C7CF8E /* BlacklistView.swift in Sources */,
				B819BBEE2C0E1E2C00B24644 /* SwipeableTaskCardView.swift in Sources */,
				B82DB3502BBE8B0F00E2D910 /* ProgressCircleView.swift in Sources */,
				B82DB3472BBDF49300E2D910 /* AppColors.swift in Sources */,
				B819BBF12C0E3F3500B24644 /* LottieView.swift in Sources */,
				B87FE6B72BCE892000EC1E85 /* TagSelectionView.swift in Sources */,
				B87FE6B52BCE890F00EC1E85 /* Tag.swift in Sources */,
				B8C32A0D2BC863EB00C7CF8E /* UsageView.swift in Sources */,
				B8C32A012BC53AC400C7CF8E /* ItemDetailViewModel.swift in Sources */,
				B8C32A152BCA5BCF00C7CF8E /* AppDelegate.swift in Sources */,
				B82DB3432BBDF06300E2D910 /* TabBar+Ext.swift in Sources */,
				B8C329F22BC1272900C7CF8E /* GardenView.swift in Sources */,
				B8C32A192BCA6E6600C7CF8E /* PointsView.swift in Sources */,
				B82DB3452BBDF06C00E2D910 /* Image+Ext.swift in Sources */,
				B87FE69E2BCC39AF00EC1E85 /* AddTaskSheetView.swift in Sources */,
				B8C32A0B2BC84A2B00C7CF8E /* TimePickerView.swift in Sources */,
				B87FE69C2BCC380400EC1E85 /* FocusView.swift in Sources */,
				B82DB3412BBDED2D00E2D910 /* TimerView.swift in Sources */,
				B8C32A092BC82AC100C7CF8E /* CountDownTimePickerView.swift in Sources */,
				B87FE7032BD0448F00EC1E85 /* TagListView.swift in Sources */,
				B87FE7052BD0F74B00EC1E85 /* CapsuleButtonStyle.swift in Sources */,
				B8C329EE2BBFE18900C7CF8E /* PomodoroWarningView.swift in Sources */,
				B82DB3132BBDE7B900E2D910 /* ContentView.swift in Sources */,
				B82DB3152BBDE7B900E2D910 /* Item.swift in Sources */,
				B87FE6A42BCD283400EC1E85 /* SettingsView.swift in Sources */,
				B87FE6A22BCC723100EC1E85 /* TaskCardView.swift in Sources */,
				B8C32A172BCA6E4900C7CF8E /* PrimaryButtonStyle.swift in Sources */,
				B87FE6A02BCC67B800EC1E85 /* Task.swift in Sources */,
				B82DB3112BBDE7B900E2D910 /* LumenSeedApp.swift in Sources */,
				B8C32A132BC9A8F100C7CF8E /* CGFloat+Ext.swift in Sources */,
				B87FE6B92BCE893100EC1E85 /* TagCreationView.swift in Sources */,
				B82DB33F2BBDEA3300E2D910 /* TabBarView.swift in Sources */,
				B8C32A072BC5AE7900C7CF8E /* BlacklistDetailView.swift in Sources */,
				B82DB33D2BBDE82200E2D910 /* LaunchScreenView.swift in Sources */,
				B82DB34D2BBDF79100E2D910 /* TimeLineView.swift in Sources */,
				B8C329F02BBFF06C00C7CF8E /* PomodoroDamageView.swift in Sources */,
				B87FE7012BD0445700EC1E85 /* TagView.swift in Sources */,
			);
			runOnlyForDeploymentPostprocessing = 0;
		};
		B82DB31B2BBDE7BB00E2D910 /* Sources */ = {
			isa = PBXSourcesBuildPhase;
			buildActionMask = 2147483647;
			files = (
				B82DB3242BBDE7BB00E2D910 /* LumenSeedTests.swift in Sources */,
			);
			runOnlyForDeploymentPostprocessing = 0;
		};
		B82DB3252BBDE7BB00E2D910 /* Sources */ = {
			isa = PBXSourcesBuildPhase;
			buildActionMask = 2147483647;
			files = (
				B82DB32E2BBDE7BB00E2D910 /* LumenSeedUITests.swift in Sources */,
				B82DB3302BBDE7BB00E2D910 /* LumenSeedUITestsLaunchTests.swift in Sources */,
			);
			runOnlyForDeploymentPostprocessing = 0;
		};
/* End PBXSourcesBuildPhase section */

/* Begin PBXTargetDependency section */
		B819BBF32C0E401600B24644 /* PBXTargetDependency */ = {
			isa = PBXTargetDependency;
			productRef = B819BBF22C0E401600B24644 /* Lottie */;
		};
		B82DB3212BBDE7BB00E2D910 /* PBXTargetDependency */ = {
			isa = PBXTargetDependency;
			target = B82DB30C2BBDE7B900E2D910 /* LumenSeed */;
			targetProxy = B82DB3202BBDE7BB00E2D910 /* PBXContainerItemProxy */;
		};
		B82DB32B2BBDE7BB00E2D910 /* PBXTargetDependency */ = {
			isa = PBXTargetDependency;
			target = B82DB30C2BBDE7B900E2D910 /* LumenSeed */;
			targetProxy = B82DB32A2BBDE7BB00E2D910 /* PBXContainerItemProxy */;
		};
/* End PBXTargetDependency section */

/* Begin XCBuildConfiguration section */
		B82DB3312BBDE7BB00E2D910 /* Debug */ = {
			isa = XCBuildConfiguration;
			buildSettings = {
				ALWAYS_SEARCH_USER_PATHS = NO;
				ASSETCATALOG_COMPILER_GENERATE_SWIFT_ASSET_SYMBOL_EXTENSIONS = YES;
				CLANG_ANALYZER_NONNULL = YES;
				CLANG_ANALYZER_NUMBER_OBJECT_CONVERSION = YES_AGGRESSIVE;
				CLANG_CXX_LANGUAGE_STANDARD = "gnu++20";
				CLANG_ENABLE_MODULES = YES;
				CLANG_ENABLE_OBJC_ARC = YES;
				CLANG_ENABLE_OBJC_WEAK = YES;
				CLANG_WARN_BLOCK_CAPTURE_AUTORELEASING = YES;
				CLANG_WARN_BOOL_CONVERSION = YES;
				CLANG_WARN_COMMA = YES;
				CLANG_WARN_CONSTANT_CONVERSION = YES;
				CLANG_WARN_DEPRECATED_OBJC_IMPLEMENTATIONS = YES;
				CLANG_WARN_DIRECT_OBJC_ISA_USAGE = YES_ERROR;
				CLANG_WARN_DOCUMENTATION_COMMENTS = YES;
				CLANG_WARN_EMPTY_BODY = YES;
				CLANG_WARN_ENUM_CONVERSION = YES;
				CLANG_WARN_INFINITE_RECURSION = YES;
				CLANG_WARN_INT_CONVERSION = YES;
				CLANG_WARN_NON_LITERAL_NULL_CONVERSION = YES;
				CLANG_WARN_OBJC_IMPLICIT_RETAIN_SELF = YES;
				CLANG_WARN_OBJC_LITERAL_CONVERSION = YES;
				CLANG_WARN_OBJC_ROOT_CLASS = YES_ERROR;
				CLANG_WARN_QUOTED_INCLUDE_IN_FRAMEWORK_HEADER = YES;
				CLANG_WARN_RANGE_LOOP_ANALYSIS = YES;
				CLANG_WARN_STRICT_PROTOTYPES = YES;
				CLANG_WARN_SUSPICIOUS_MOVE = YES;
				CLANG_WARN_UNGUARDED_AVAILABILITY = YES_AGGRESSIVE;
				CLANG_WARN_UNREACHABLE_CODE = YES;
				CLANG_WARN__DUPLICATE_METHOD_MATCH = YES;
				COPY_PHASE_STRIP = NO;
				DEBUG_INFORMATION_FORMAT = dwarf;
				ENABLE_STRICT_OBJC_MSGSEND = YES;
				ENABLE_TESTABILITY = YES;
				ENABLE_USER_SCRIPT_SANDBOXING = YES;
				GCC_C_LANGUAGE_STANDARD = gnu17;
				GCC_DYNAMIC_NO_PIC = NO;
				GCC_NO_COMMON_BLOCKS = YES;
				GCC_OPTIMIZATION_LEVEL = 0;
				GCC_PREPROCESSOR_DEFINITIONS = (
					"DEBUG=1",
					"$(inherited)",
				);
				GCC_WARN_64_TO_32_BIT_CONVERSION = YES;
				GCC_WARN_ABOUT_RETURN_TYPE = YES_ERROR;
				GCC_WARN_UNDECLARED_SELECTOR = YES;
				GCC_WARN_UNINITIALIZED_AUTOS = YES_AGGRESSIVE;
				GCC_WARN_UNUSED_FUNCTION = YES;
				GCC_WARN_UNUSED_VARIABLE = YES;
				IPHONEOS_DEPLOYMENT_TARGET = 17.4;
				LOCALIZATION_PREFERS_STRING_CATALOGS = YES;
				MTL_ENABLE_DEBUG_INFO = INCLUDE_SOURCE;
				MTL_FAST_MATH = YES;
				ONLY_ACTIVE_ARCH = YES;
				SDKROOT = iphoneos;
				SWIFT_ACTIVE_COMPILATION_CONDITIONS = "DEBUG $(inherited)";
				SWIFT_OPTIMIZATION_LEVEL = "-Onone";
			};
			name = Debug;
		};
		B82DB3322BBDE7BB00E2D910 /* Release */ = {
			isa = XCBuildConfiguration;
			buildSettings = {
				ALWAYS_SEARCH_USER_PATHS = NO;
				ASSETCATALOG_COMPILER_GENERATE_SWIFT_ASSET_SYMBOL_EXTENSIONS = YES;
				CLANG_ANALYZER_NONNULL = YES;
				CLANG_ANALYZER_NUMBER_OBJECT_CONVERSION = YES_AGGRESSIVE;
				CLANG_CXX_LANGUAGE_STANDARD = "gnu++20";
				CLANG_ENABLE_MODULES = YES;
				CLANG_ENABLE_OBJC_ARC = YES;
				CLANG_ENABLE_OBJC_WEAK = YES;
				CLANG_WARN_BLOCK_CAPTURE_AUTORELEASING = YES;
				CLANG_WARN_BOOL_CONVERSION = YES;
				CLANG_WARN_COMMA = YES;
				CLANG_WARN_CONSTANT_CONVERSION = YES;
				CLANG_WARN_DEPRECATED_OBJC_IMPLEMENTATIONS = YES;
				CLANG_WARN_DIRECT_OBJC_ISA_USAGE = YES_ERROR;
				CLANG_WARN_DOCUMENTATION_COMMENTS = YES;
				CLANG_WARN_EMPTY_BODY = YES;
				CLANG_WARN_ENUM_CONVERSION = YES;
				CLANG_WARN_INFINITE_RECURSION = YES;
				CLANG_WARN_INT_CONVERSION = YES;
				CLANG_WARN_NON_LITERAL_NULL_CONVERSION = YES;
				CLANG_WARN_OBJC_IMPLICIT_RETAIN_SELF = YES;
				CLANG_WARN_OBJC_LITERAL_CONVERSION = YES;
				CLANG_WARN_OBJC_ROOT_CLASS = YES_ERROR;
				CLANG_WARN_QUOTED_INCLUDE_IN_FRAMEWORK_HEADER = YES;
				CLANG_WARN_RANGE_LOOP_ANALYSIS = YES;
				CLANG_WARN_STRICT_PROTOTYPES = YES;
				CLANG_WARN_SUSPICIOUS_MOVE = YES;
				CLANG_WARN_UNGUARDED_AVAILABILITY = YES_AGGRESSIVE;
				CLANG_WARN_UNREACHABLE_CODE = YES;
				CLANG_WARN__DUPLICATE_METHOD_MATCH = YES;
				COPY_PHASE_STRIP = NO;
				DEBUG_INFORMATION_FORMAT = "dwarf-with-dsym";
				ENABLE_NS_ASSERTIONS = NO;
				ENABLE_STRICT_OBJC_MSGSEND = YES;
				ENABLE_USER_SCRIPT_SANDBOXING = YES;
				GCC_C_LANGUAGE_STANDARD = gnu17;
				GCC_NO_COMMON_BLOCKS = YES;
				GCC_WARN_64_TO_32_BIT_CONVERSION = YES;
				GCC_WARN_ABOUT_RETURN_TYPE = YES_ERROR;
				GCC_WARN_UNDECLARED_SELECTOR = YES;
				GCC_WARN_UNINITIALIZED_AUTOS = YES_AGGRESSIVE;
				GCC_WARN_UNUSED_FUNCTION = YES;
				GCC_WARN_UNUSED_VARIABLE = YES;
				IPHONEOS_DEPLOYMENT_TARGET = 17.4;
				LOCALIZATION_PREFERS_STRING_CATALOGS = YES;
				MTL_ENABLE_DEBUG_INFO = NO;
				MTL_FAST_MATH = YES;
				SDKROOT = iphoneos;
				SWIFT_COMPILATION_MODE = wholemodule;
				VALIDATE_PRODUCT = YES;
			};
			name = Release;
		};
		B82DB3342BBDE7BB00E2D910 /* Debug */ = {
			isa = XCBuildConfiguration;
			buildSettings = {
				ASSETCATALOG_COMPILER_APPICON_NAME = AppIcon;
				ASSETCATALOG_COMPILER_GLOBAL_ACCENT_COLOR_NAME = AccentColor;
				CODE_SIGN_STYLE = Automatic;
				CURRENT_PROJECT_VERSION = 1;
				DEVELOPMENT_ASSET_PATHS = "\"LumenSeed/Preview Content\"";
				DEVELOPMENT_TEAM = 335ANAU3W5;
				ENABLE_PREVIEWS = YES;
				GENERATE_INFOPLIST_FILE = YES;
				INFOPLIST_FILE = LumenSeed/Info.plist;
				INFOPLIST_KEY_UIApplicationSceneManifest_Generation = YES;
				INFOPLIST_KEY_UIApplicationSupportsIndirectInputEvents = YES;
				INFOPLIST_KEY_UILaunchScreen_Generation = YES;
				INFOPLIST_KEY_UISupportedInterfaceOrientations_iPad = "UIInterfaceOrientationPortrait UIInterfaceOrientationPortraitUpsideDown UIInterfaceOrientationLandscapeLeft UIInterfaceOrientationLandscapeRight";
				INFOPLIST_KEY_UISupportedInterfaceOrientations_iPhone = "UIInterfaceOrientationPortrait UIInterfaceOrientationLandscapeLeft UIInterfaceOrientationLandscapeRight";
				LD_RUNPATH_SEARCH_PATHS = (
					"$(inherited)",
					"@executable_path/Frameworks",
				);
				MARKETING_VERSION = 1.0;
				PRODUCT_BUNDLE_IDENTIFIER = com.lumenseed.LumenSeed;
				PRODUCT_NAME = "$(TARGET_NAME)";
				SWIFT_EMIT_LOC_STRINGS = YES;
				SWIFT_VERSION = 5.0;
				TARGETED_DEVICE_FAMILY = "1,2";
			};
			name = Debug;
		};
		B82DB3352BBDE7BB00E2D910 /* Release */ = {
			isa = XCBuildConfiguration;
			buildSettings = {
				ASSETCATALOG_COMPILER_APPICON_NAME = AppIcon;
				ASSETCATALOG_COMPILER_GLOBAL_ACCENT_COLOR_NAME = AccentColor;
				CODE_SIGN_STYLE = Automatic;
				CURRENT_PROJECT_VERSION = 1;
				DEVELOPMENT_ASSET_PATHS = "\"LumenSeed/Preview Content\"";
				DEVELOPMENT_TEAM = 335ANAU3W5;
				ENABLE_PREVIEWS = YES;
				GENERATE_INFOPLIST_FILE = YES;
				INFOPLIST_FILE = LumenSeed/Info.plist;
				INFOPLIST_KEY_UIApplicationSceneManifest_Generation = YES;
				INFOPLIST_KEY_UIApplicationSupportsIndirectInputEvents = YES;
				INFOPLIST_KEY_UILaunchScreen_Generation = YES;
				INFOPLIST_KEY_UISupportedInterfaceOrientations_iPad = "UIInterfaceOrientationPortrait UIInterfaceOrientationPortraitUpsideDown UIInterfaceOrientationLandscapeLeft UIInterfaceOrientationLandscapeRight";
				INFOPLIST_KEY_UISupportedInterfaceOrientations_iPhone = "UIInterfaceOrientationPortrait UIInterfaceOrientationLandscapeLeft UIInterfaceOrientationLandscapeRight";
				LD_RUNPATH_SEARCH_PATHS = (
					"$(inherited)",
					"@executable_path/Frameworks",
				);
				MARKETING_VERSION = 1.0;
				PRODUCT_BUNDLE_IDENTIFIER = com.lumenseed.LumenSeed;
				PRODUCT_NAME = "$(TARGET_NAME)";
				SWIFT_EMIT_LOC_STRINGS = YES;
				SWIFT_VERSION = 5.0;
				TARGETED_DEVICE_FAMILY = "1,2";
			};
			name = Release;
		};
		B82DB3372BBDE7BB00E2D910 /* Debug */ = {
			isa = XCBuildConfiguration;
			buildSettings = {
				ALWAYS_EMBED_SWIFT_STANDARD_LIBRARIES = YES;
				BUNDLE_LOADER = "$(TEST_HOST)";
				CODE_SIGN_STYLE = Automatic;
				CURRENT_PROJECT_VERSION = 1;
				DEVELOPMENT_TEAM = 335ANAU3W5;
				GENERATE_INFOPLIST_FILE = YES;
				IPHONEOS_DEPLOYMENT_TARGET = 17.4;
				MARKETING_VERSION = 1.0;
				PRODUCT_BUNDLE_IDENTIFIER = com.lumenseed.LumenSeedTests;
				PRODUCT_NAME = "$(TARGET_NAME)";
				SWIFT_EMIT_LOC_STRINGS = NO;
				SWIFT_VERSION = 5.0;
				TARGETED_DEVICE_FAMILY = "1,2";
				TEST_HOST = "$(BUILT_PRODUCTS_DIR)/LumenSeed.app/$(BUNDLE_EXECUTABLE_FOLDER_PATH)/LumenSeed";
			};
			name = Debug;
		};
		B82DB3382BBDE7BB00E2D910 /* Release */ = {
			isa = XCBuildConfiguration;
			buildSettings = {
				ALWAYS_EMBED_SWIFT_STANDARD_LIBRARIES = YES;
				BUNDLE_LOADER = "$(TEST_HOST)";
				CODE_SIGN_STYLE = Automatic;
				CURRENT_PROJECT_VERSION = 1;
				DEVELOPMENT_TEAM = 335ANAU3W5;
				GENERATE_INFOPLIST_FILE = YES;
				IPHONEOS_DEPLOYMENT_TARGET = 17.4;
				MARKETING_VERSION = 1.0;
				PRODUCT_BUNDLE_IDENTIFIER = com.lumenseed.LumenSeedTests;
				PRODUCT_NAME = "$(TARGET_NAME)";
				SWIFT_EMIT_LOC_STRINGS = NO;
				SWIFT_VERSION = 5.0;
				TARGETED_DEVICE_FAMILY = "1,2";
				TEST_HOST = "$(BUILT_PRODUCTS_DIR)/LumenSeed.app/$(BUNDLE_EXECUTABLE_FOLDER_PATH)/LumenSeed";
			};
			name = Release;
		};
		B82DB33A2BBDE7BB00E2D910 /* Debug */ = {
			isa = XCBuildConfiguration;
			buildSettings = {
				ALWAYS_EMBED_SWIFT_STANDARD_LIBRARIES = YES;
				CODE_SIGN_STYLE = Automatic;
				CURRENT_PROJECT_VERSION = 1;
				DEVELOPMENT_TEAM = 335ANAU3W5;
				GENERATE_INFOPLIST_FILE = YES;
				MARKETING_VERSION = 1.0;
				PRODUCT_BUNDLE_IDENTIFIER = com.lumenseed.LumenSeedUITests;
				PRODUCT_NAME = "$(TARGET_NAME)";
				SWIFT_EMIT_LOC_STRINGS = NO;
				SWIFT_VERSION = 5.0;
				TARGETED_DEVICE_FAMILY = "1,2";
				TEST_TARGET_NAME = LumenSeed;
			};
			name = Debug;
		};
		B82DB33B2BBDE7BB00E2D910 /* Release */ = {
			isa = XCBuildConfiguration;
			buildSettings = {
				ALWAYS_EMBED_SWIFT_STANDARD_LIBRARIES = YES;
				CODE_SIGN_STYLE = Automatic;
				CURRENT_PROJECT_VERSION = 1;
				DEVELOPMENT_TEAM = 335ANAU3W5;
				GENERATE_INFOPLIST_FILE = YES;
				MARKETING_VERSION = 1.0;
				PRODUCT_BUNDLE_IDENTIFIER = com.lumenseed.LumenSeedUITests;
				PRODUCT_NAME = "$(TARGET_NAME)";
				SWIFT_EMIT_LOC_STRINGS = NO;
				SWIFT_VERSION = 5.0;
				TARGETED_DEVICE_FAMILY = "1,2";
				TEST_TARGET_NAME = LumenSeed;
			};
			name = Release;
		};
/* End XCBuildConfiguration section */

/* Begin XCConfigurationList section */
		B82DB3082BBDE7B900E2D910 /* Build configuration list for PBXProject "LumenSeed" */ = {
			isa = XCConfigurationList;
			buildConfigurations = (
				B82DB3312BBDE7BB00E2D910 /* Debug */,
				B82DB3322BBDE7BB00E2D910 /* Release */,
			);
			defaultConfigurationIsVisible = 0;
			defaultConfigurationName = Release;
		};
		B82DB3332BBDE7BB00E2D910 /* Build configuration list for PBXNativeTarget "LumenSeed" */ = {
			isa = XCConfigurationList;
			buildConfigurations = (
				B82DB3342BBDE7BB00E2D910 /* Debug */,
				B82DB3352BBDE7BB00E2D910 /* Release */,
			);
			defaultConfigurationIsVisible = 0;
			defaultConfigurationName = Release;
		};
		B82DB3362BBDE7BB00E2D910 /* Build configuration list for PBXNativeTarget "LumenSeedTests" */ = {
			isa = XCConfigurationList;
			buildConfigurations = (
				B82DB3372BBDE7BB00E2D910 /* Debug */,
				B82DB3382BBDE7BB00E2D910 /* Release */,
			);
			defaultConfigurationIsVisible = 0;
			defaultConfigurationName = Release;
		};
		B82DB3392BBDE7BB00E2D910 /* Build configuration list for PBXNativeTarget "LumenSeedUITests" */ = {
			isa = XCConfigurationList;
			buildConfigurations = (
				B82DB33A2BBDE7BB00E2D910 /* Debug */,
				B82DB33B2BBDE7BB00E2D910 /* Release */,
			);
			defaultConfigurationIsVisible = 0;
			defaultConfigurationName = Release;
		};
/* End XCConfigurationList section */

/* Begin XCRemoteSwiftPackageReference section */
		B819BBEF2C0E38C100B24644 /* XCRemoteSwiftPackageReference "lottie-spm" */ = {
			isa = XCRemoteSwiftPackageReference;
			repositoryURL = "https://github.com/airbnb/lottie-spm.git";
			requirement = {
				kind = upToNextMajorVersion;
				minimumVersion = 4.4.3;
			};
		};
/* End XCRemoteSwiftPackageReference section */

/* Begin XCSwiftPackageProductDependency section */
		B819BBF22C0E401600B24644 /* Lottie */ = {
			isa = XCSwiftPackageProductDependency;
			package = B819BBEF2C0E38C100B24644 /* XCRemoteSwiftPackageReference "lottie-spm" */;
			productName = Lottie;
		};
		B819BBF52C0E407E00B24644 /* Lottie */ = {
			isa = XCSwiftPackageProductDependency;
			package = B819BBEF2C0E38C100B24644 /* XCRemoteSwiftPackageReference "lottie-spm" */;
			productName = Lottie;
		};
/* End XCSwiftPackageProductDependency section */
	};
	rootObject = B82DB3052BBDE7B900E2D910 /* Project object */;
}
